
Microsoft Visual Studio Solution File, Format Version 12.00
# Visual Studio Version 17
VisualStudioVersion = 17.8.34525.116
MinimumVisualStudioVersion = 10.0.40219.1
Project("{FAE04EC0-301F-11D3-BF4B-00C04F79EFBC}") = "ImageGallery", "ImageGallery\ImageGallery.csproj", "{8BDF991B-907F-46FB-804D-45ECE773FD97}"
EndProject
Global
	GlobalSection(SolutionConfigurationPlatforms) = preSolution
		Debug|Any CPU = Debug|Any CPU
		Release|Any CPU = Release|Any CPU
	EndGlobalSection
	GlobalSection(ProjectConfigurationPlatforms) = postSolution
		{8BDF991B-907F-46FB-804D-45ECE773FD97}.Debug|Any CPU.ActiveCfg = Debug|Any CPU
		{8BDF991B-907F-46FB-804D-45ECE773FD97}.Debug|Any CPU.Build.0 = Debug|Any CPU
		{8BDF991B-907F-46FB-804D-45ECE773FD97}.Release|Any CPU.ActiveCfg = Release|Any CPU
		{8BDF991B-907F-46FB-804D-45ECE773FD97}.Release|Any CPU.Build.0 = Release|Any CPU
	EndGlobalSection
	GlobalSection(SolutionProperties) = preSolution
		HideSolutionNode = FALSE
	EndGlobalSection
	GlobalSection(ExtensibilityGlobals) = postSolution
		SolutionGuid = {52417C01-6588-4C3C-ADE0-555AC395A026}
	EndGlobalSection
EndGlobal
